
Microsoft Visual Studio Solution File, Format Version 12.00
# Visual Studio 15
VisualStudioVersion = 15.0.26124.0
MinimumVisualStudioVersion = 15.0.26124.0
Project("{2150E333-8FDC-42A3-9474-1A3956D46DE8}") = "src", "src", "{A6DC779C-9456-43CF-85A9-33DF5B9AF254}"
EndProject
Project("{FAE04EC0-301F-11D3-BF4B-00C04F79EFBC}") = "CommandAPI", "src\CommandAPI\CommandAPI.csproj", "{558B0CBB-8021-4D8B-8561-5E7A5C3C05B1}"
EndProject
Project("{2150E333-8FDC-42A3-9474-1A3956D46DE8}") = "test", "test", "{8B72B455-E583-4FE4-8E6E-F7D7DBB80B9D}"
EndProject
Project("{FAE04EC0-301F-11D3-BF4B-00C04F79EFBC}") = "CommandAPI.Tests", "test\CommandAPI.Tests\CommandAPI.Tests.csproj", "{69FBF0E6-95B8-492C-B80A-868B50BBB1AB}"
EndProject
Global
	GlobalSection(SolutionConfigurationPlatforms) = preSolution
		Debug|Any CPU = Debug|Any CPU
		Debug|x64 = Debug|x64
		Debug|x86 = Debug|x86
		Release|Any CPU = Release|Any CPU
		Release|x64 = Release|x64
		Release|x86 = Release|x86
	EndGlobalSection
	GlobalSection(SolutionProperties) = preSolution
		HideSolutionNode = FALSE
	EndGlobalSection
	GlobalSection(ProjectConfigurationPlatforms) = postSolution
		{558B0CBB-8021-4D8B-8561-5E7A5C3C05B1}.Debug|Any CPU.ActiveCfg = Debug|Any CPU
		{558B0CBB-8021-4D8B-8561-5E7A5C3C05B1}.Debug|Any CPU.Build.0 = Debug|Any CPU
		{558B0CBB-8021-4D8B-8561-5E7A5C3C05B1}.Debug|x64.ActiveCfg = Debug|Any CPU
		{558B0CBB-8021-4D8B-8561-5E7A5C3C05B1}.Debug|x64.Build.0 = Debug|Any CPU
		{558B0CBB-8021-4D8B-8561-5E7A5C3C05B1}.Debug|x86.ActiveCfg = Debug|Any CPU
		{558B0CBB-8021-4D8B-8561-5E7A5C3C05B1}.Debug|x86.Build.0 = Debug|Any CPU
		{558B0CBB-8021-4D8B-8561-5E7A5C3C05B1}.Release|Any CPU.ActiveCfg = Release|Any CPU
		{558B0CBB-8021-4D8B-8561-5E7A5C3C05B1}.Release|Any CPU.Build.0 = Release|Any CPU
		{558B0CBB-8021-4D8B-8561-5E7A5C3C05B1}.Release|x64.ActiveCfg = Release|Any CPU
		{558B0CBB-8021-4D8B-8561-5E7A5C3C05B1}.Release|x64.Build.0 = Release|Any CPU
		{558B0CBB-8021-4D8B-8561-5E7A5C3C05B1}.Release|x86.ActiveCfg = Release|Any CPU
		{558B0CBB-8021-4D8B-8561-5E7A5C3C05B1}.Release|x86.Build.0 = Release|Any CPU
		{69FBF0E6-95B8-492C-B80A-868B50BBB1AB}.Debug|Any CPU.ActiveCfg = Debug|Any CPU
		{69FBF0E6-95B8-492C-B80A-868B50BBB1AB}.Debug|Any CPU.Build.0 = Debug|Any CPU
		{69FBF0E6-95B8-492C-B80A-868B50BBB1AB}.Debug|x64.ActiveCfg = Debug|Any CPU
		{69FBF0E6-95B8-492C-B80A-868B50BBB1AB}.Debug|x64.Build.0 = Debug|Any CPU
		{69FBF0E6-95B8-492C-B80A-868B50BBB1AB}.Debug|x86.ActiveCfg = Debug|Any CPU
		{69FBF0E6-95B8-492C-B80A-868B50BBB1AB}.Debug|x86.Build.0 = Debug|Any CPU
		{69FBF0E6-95B8-492C-B80A-868B50BBB1AB}.Release|Any CPU.ActiveCfg = Release|Any CPU
		{69FBF0E6-95B8-492C-B80A-868B50BBB1AB}.Release|Any CPU.Build.0 = Release|Any CPU
		{69FBF0E6-95B8-492C-B80A-868B50BBB1AB}.Release|x64.ActiveCfg = Release|Any CPU
		{69FBF0E6-95B8-492C-B80A-868B50BBB1AB}.Release|x64.Build.0 = Release|Any CPU
		{69FBF0E6-95B8-492C-B80A-868B50BBB1AB}.Release|x86.ActiveCfg = Release|Any CPU
		{69FBF0E6-95B8-492C-B80A-868B50BBB1AB}.Release|x86.Build.0 = Release|Any CPU
	EndGlobalSection
	GlobalSection(NestedProjects) = preSolution
		{558B0CBB-8021-4D8B-8561-5E7A5C3C05B1} = {A6DC779C-9456-43CF-85A9-33DF5B9AF254}
		{69FBF0E6-95B8-492C-B80A-868B50BBB1AB} = {8B72B455-E583-4FE4-8E6E-F7D7DBB80B9D}
	EndGlobalSection
EndGlobal
